// !$*UTF8*$!
{
	archiveVersion = 1;
	classes = {
	};
	objectVersion = 56;
	objects = {

/* Begin PBXBuildFile section */
		74E1B3F62C64FD980090EDEA /* Main.storyboard in Resources */ = {isa = PBXBuildFile; fileRef = 74E1B3E92C64FD980090EDEA /* Main.storyboard */; };
		74E1B3F72C64FD980090EDEA /* OnboardingManager.swift in Sources */ = {isa = PBXBuildFile; fileRef = 74E1B3EA2C64FD980090EDEA /* OnboardingManager.swift */; };
		74E1B3F82C64FD980090EDEA /* SplashController.swift in Sources */ = {isa = PBXBuildFile; fileRef = 74E1B3EB2C64FD980090EDEA /* SplashController.swift */; };
		74E1B3F92C64FD980090EDEA /* ViewController.swift in Sources */ = {isa = PBXBuildFile; fileRef = 74E1B3EC2C64FD980090EDEA /* ViewController.swift */; };
		74E1B3FA2C64FD980090EDEA /* Assets.xcassets in Resources */ = {isa = PBXBuildFile; fileRef = 74E1B3EE2C64FD980090EDEA /* Assets.xcassets */; };
		74E1B3FB2C64FD980090EDEA /* Info.plist in Resources */ = {isa = PBXBuildFile; fileRef = 74E1B3EF2C64FD980090EDEA /* Info.plist */; };
		74E1B3FC2C64FD980090EDEA /* LaunchScreen.storyboard in Resources */ = {isa = PBXBuildFile; fileRef = 74E1B3F12C64FD980090EDEA /* LaunchScreen.storyboard */; };
		74E1B3FD2C64FD980090EDEA /* AppDelegate.swift in Sources */ = {isa = PBXBuildFile; fileRef = 74E1B3F32C64FD980090EDEA /* AppDelegate.swift */; };
		74E1B3FE2C64FD980090EDEA /* SceneDelegate.swift in Sources */ = {isa = PBXBuildFile; fileRef = 74E1B3F42C64FD980090EDEA /* SceneDelegate.swift */; };
		9F27A4CFB04CDC8E7368CB41 /* Pods_OnboardingsDemo_UIKit.framework in Frameworks */ = {isa = PBXBuildFile; fileRef = B35765981F9E90559186D5D1 /* Pods_OnboardingsDemo_UIKit.framework */; };
/* End PBXBuildFile section */

/* Begin PBXFileReference section */
		3BF191A5BF6B1AECD6E19478 /* Pods-OnboardingsDemo-UIKit.debug.xcconfig */ = {isa = PBXFileReference; includeInIndex = 1; lastKnownFileType = text.xcconfig; name = "Pods-OnboardingsDemo-UIKit.debug.xcconfig"; path = "Target Support Files/Pods-OnboardingsDemo-UIKit/Pods-OnboardingsDemo-UIKit.debug.xcconfig"; sourceTree = "<group>"; };
		74B2297B2C5CD9A90030EDA6 /* OnboardingsDemo-UIKit.app */ = {isa = PBXFileReference; explicitFileType = wrapper.application; includeInIndex = 0; path = "OnboardingsDemo-UIKit.app"; sourceTree = BUILT_PRODUCTS_DIR; };
		74E1B3E82C64FD980090EDEA /* Base */ = {isa = PBXFileReference; lastKnownFileType = file.storyboard; name = Base; path = Base.lproj/Main.storyboard; sourceTree = "<group>"; };
		74E1B3EA2C64FD980090EDEA /* OnboardingManager.swift */ = {isa = PBXFileReference; fileEncoding = 4; lastKnownFileType = sourcecode.swift; path = OnboardingManager.swift; sourceTree = "<group>"; };
		74E1B3EB2C64FD980090EDEA /* SplashController.swift */ = {isa = PBXFileReference; fileEncoding = 4; lastKnownFileType = sourcecode.swift; path = SplashController.swift; sourceTree = "<group>"; };
		74E1B3EC2C64FD980090EDEA /* ViewController.swift */ = {isa = PBXFileReference; fileEncoding = 4; lastKnownFileType = sourcecode.swift; path = ViewController.swift; sourceTree = "<group>"; };
		74E1B3EE2C64FD980090EDEA /* Assets.xcassets */ = {isa = PBXFileReference; lastKnownFileType = folder.assetcatalog; path = Assets.xcassets; sourceTree = "<group>"; };
		74E1B3EF2C64FD980090EDEA /* Info.plist */ = {isa = PBXFileReference; fileEncoding = 4; lastKnownFileType = text.plist.xml; path = Info.plist; sourceTree = "<group>"; };
		74E1B3F02C64FD980090EDEA /* Base */ = {isa = PBXFileReference; lastKnownFileType = file.storyboard; name = Base; path = Base.lproj/LaunchScreen.storyboard; sourceTree = "<group>"; };
		74E1B3F32C64FD980090EDEA /* AppDelegate.swift */ = {isa = PBXFileReference; fileEncoding = 4; lastKnownFileType = sourcecode.swift; path = AppDelegate.swift; sourceTree = "<group>"; };
		74E1B3F42C64FD980090EDEA /* SceneDelegate.swift */ = {isa = PBXFileReference; fileEncoding = 4; lastKnownFileType = sourcecode.swift; path = SceneDelegate.swift; sourceTree = "<group>"; };
		B35765981F9E90559186D5D1 /* Pods_OnboardingsDemo_UIKit.framework */ = {isa = PBXFileReference; explicitFileType = wrapper.framework; includeInIndex = 0; path = Pods_OnboardingsDemo_UIKit.framework; sourceTree = BUILT_PRODUCTS_DIR; };
		F1A4165F30AA6F803930466F /* Pods-OnboardingsDemo-UIKit.release.xcconfig */ = {isa = PBXFileReference; includeInIndex = 1; lastKnownFileType = text.xcconfig; name = "Pods-OnboardingsDemo-UIKit.release.xcconfig"; path = "Target Support Files/Pods-OnboardingsDemo-UIKit/Pods-OnboardingsDemo-UIKit.release.xcconfig"; sourceTree = "<group>"; };
/* End PBXFileReference section */

/* Begin PBXFrameworksBuildPhase section */
		74B229782C5CD9A90030EDA6 /* Frameworks */ = {
			isa = PBXFrameworksBuildPhase;
			buildActionMask = 2147483647;
			files = (
				9F27A4CFB04CDC8E7368CB41 /* Pods_OnboardingsDemo_UIKit.framework in Frameworks */,
			);
			runOnlyForDeploymentPostprocessing = 0;
		};
/* End PBXFrameworksBuildPhase section */

/* Begin PBXGroup section */
		74B229722C5CD9A90030EDA6 = {
			isa = PBXGroup;
			children = (
				74E1B3F52C64FD980090EDEA /* OnboardingsDemo-UIKit */,
				74B2297C2C5CD9A90030EDA6 /* Products */,
				AB3F1EC830BA11895703A40B /* Pods */,
				79C91911A9787979D0F22146 /* Frameworks */,
			);
			sourceTree = "<group>";
		};
		74B2297C2C5CD9A90030EDA6 /* Products */ = {
			isa = PBXGroup;
			children = (
				74B2297B2C5CD9A90030EDA6 /* OnboardingsDemo-UIKit.app */,
			);
			name = Products;
			sourceTree = "<group>";
		};
		74E1B3ED2C64FD980090EDEA /* Interface */ = {
			isa = PBXGroup;
			children = (
				74E1B3E92C64FD980090EDEA /* Main.storyboard */,
				74E1B3EA2C64FD980090EDEA /* OnboardingManager.swift */,
				74E1B3EB2C64FD980090EDEA /* SplashController.swift */,
				74E1B3EC2C64FD980090EDEA /* ViewController.swift */,
			);
			path = Interface;
			sourceTree = "<group>";
		};
		74E1B3F22C64FD980090EDEA /* Supporting Files */ = {
			isa = PBXGroup;
			children = (
				74E1B3EE2C64FD980090EDEA /* Assets.xcassets */,
				74E1B3EF2C64FD980090EDEA /* Info.plist */,
				74E1B3F12C64FD980090EDEA /* LaunchScreen.storyboard */,
			);
			path = "Supporting Files";
			sourceTree = "<group>";
		};
		74E1B3F52C64FD980090EDEA /* OnboardingsDemo-UIKit */ = {
			isa = PBXGroup;
			children = (
				74E1B3ED2C64FD980090EDEA /* Interface */,
				74E1B3F22C64FD980090EDEA /* Supporting Files */,
				74E1B3F32C64FD980090EDEA /* AppDelegate.swift */,
				74E1B3F42C64FD980090EDEA /* SceneDelegate.swift */,
			);
			path = "OnboardingsDemo-UIKit";
			sourceTree = "<group>";
		};
		79C91911A9787979D0F22146 /* Frameworks */ = {
			isa = PBXGroup;
			children = (
				B35765981F9E90559186D5D1 /* Pods_OnboardingsDemo_UIKit.framework */,
			);
			name = Frameworks;
			sourceTree = "<group>";
		};
		AB3F1EC830BA11895703A40B /* Pods */ = {
			isa = PBXGroup;
			children = (
				3BF191A5BF6B1AECD6E19478 /* Pods-OnboardingsDemo-UIKit.debug.xcconfig */,
				F1A4165F30AA6F803930466F /* Pods-OnboardingsDemo-UIKit.release.xcconfig */,
			);
			name = Pods;
			path = Pods;
			sourceTree = "<group>";
		};
/* End PBXGroup section */

/* Begin PBXNativeTarget section */
		74B2297A2C5CD9A90030EDA6 /* OnboardingsDemo-UIKit */ = {
			isa = PBXNativeTarget;
			buildConfigurationList = 74B2298F2C5CD9AB0030EDA6 /* Build configuration list for PBXNativeTarget "OnboardingsDemo-UIKit" */;
			buildPhases = (
				FD1AB349C2E5B7671ED587EA /* [CP] Check Pods Manifest.lock */,
				74B229772C5CD9A90030EDA6 /* Sources */,
				74B229782C5CD9A90030EDA6 /* Frameworks */,
				74B229792C5CD9A90030EDA6 /* Resources */,
				89EBBF6D89C3547DFB6D1EC9 /* [CP] Embed Pods Frameworks */,
			);
			buildRules = (
			);
			dependencies = (
			);
			name = "OnboardingsDemo-UIKit";
			productName = "OctoflowsDemo-UIKit";
			productReference = 74B2297B2C5CD9A90030EDA6 /* OnboardingsDemo-UIKit.app */;
			productType = "com.apple.product-type.application";
		};
/* End PBXNativeTarget section */

/* Begin PBXProject section */
		74B229732C5CD9A90030EDA6 /* Project object */ = {
			isa = PBXProject;
			attributes = {
				BuildIndependentTargetsInParallel = 1;
				LastSwiftUpdateCheck = 1540;
				LastUpgradeCheck = 1540;
				TargetAttributes = {
					74B2297A2C5CD9A90030EDA6 = {
						CreatedOnToolsVersion = 15.4;
					};
				};
			};
			buildConfigurationList = 74B229762C5CD9A90030EDA6 /* Build configuration list for PBXProject "OnboardingsDemo-UIKit" */;
			compatibilityVersion = "Xcode 14.0";
			developmentRegion = en;
			hasScannedForEncodings = 0;
			knownRegions = (
				en,
				Base,
			);
			mainGroup = 74B229722C5CD9A90030EDA6;
			productRefGroup = 74B2297C2C5CD9A90030EDA6 /* Products */;
			projectDirPath = "";
			projectRoot = "";
			targets = (
				74B2297A2C5CD9A90030EDA6 /* OnboardingsDemo-UIKit */,
			);
		};
/* End PBXProject section */

/* Begin PBXResourcesBuildPhase section */
		74B229792C5CD9A90030EDA6 /* Resources */ = {
			isa = PBXResourcesBuildPhase;
			buildActionMask = 2147483647;
			files = (
				74E1B3FA2C64FD980090EDEA /* Assets.xcassets in Resources */,
				74E1B3FC2C64FD980090EDEA /* LaunchScreen.storyboard in Resources */,
				74E1B3F62C64FD980090EDEA /* Main.storyboard in Resources */,
				74E1B3FB2C64FD980090EDEA /* Info.plist in Resources */,
			);
			runOnlyForDeploymentPostprocessing = 0;
		};
/* End PBXResourcesBuildPhase section */

/* Begin PBXShellScriptBuildPhase section */
		89EBBF6D89C3547DFB6D1EC9 /* [CP] Embed Pods Frameworks */ = {
			isa = PBXShellScriptBuildPhase;
			buildActionMask = 2147483647;
			files = (
			);
			inputFileListPaths = (
				"${PODS_ROOT}/Target Support Files/Pods-OnboardingsDemo-UIKit/Pods-OnboardingsDemo-UIKit-frameworks-${CONFIGURATION}-input-files.xcfilelist",
			);
			name = "[CP] Embed Pods Frameworks";
			outputFileListPaths = (
				"${PODS_ROOT}/Target Support Files/Pods-OnboardingsDemo-UIKit/Pods-OnboardingsDemo-UIKit-frameworks-${CONFIGURATION}-output-files.xcfilelist",
			);
			runOnlyForDeploymentPostprocessing = 0;
			shellPath = /bin/sh;
			shellScript = "\"${PODS_ROOT}/Target Support Files/Pods-OnboardingsDemo-UIKit/Pods-OnboardingsDemo-UIKit-frameworks.sh\"\n";
			showEnvVarsInLog = 0;
		};
		FD1AB349C2E5B7671ED587EA /* [CP] Check Pods Manifest.lock */ = {
			isa = PBXShellScriptBuildPhase;
			buildActionMask = 2147483647;
			files = (
			);
			inputFileListPaths = (
			);
			inputPaths = (
				"${PODS_PODFILE_DIR_PATH}/Podfile.lock",
				"${PODS_ROOT}/Manifest.lock",
			);
			name = "[CP] Check Pods Manifest.lock";
			outputFileListPaths = (
			);
			outputPaths = (
				"$(DERIVED_FILE_DIR)/Pods-OnboardingsDemo-UIKit-checkManifestLockResult.txt",
			);
			runOnlyForDeploymentPostprocessing = 0;
			shellPath = /bin/sh;
			shellScript = "diff \"${PODS_PODFILE_DIR_PATH}/Podfile.lock\" \"${PODS_ROOT}/Manifest.lock\" > /dev/null\nif [ $? != 0 ] ; then\n    # print error to STDERR\n    echo \"error: The sandbox is not in sync with the Podfile.lock. Run 'pod install' or update your CocoaPods installation.\" >&2\n    exit 1\nfi\n# This output is used by Xcode 'outputs' to avoid re-running this script phase.\necho \"SUCCESS\" > \"${SCRIPT_OUTPUT_FILE_0}\"\n";
			showEnvVarsInLog = 0;
		};
/* End PBXShellScriptBuildPhase section */

/* Begin PBXSourcesBuildPhase section */
		74B229772C5CD9A90030EDA6 /* Sources */ = {
			isa = PBXSourcesBuildPhase;
			buildActionMask = 2147483647;
			files = (
				74E1B3FE2C64FD980090EDEA /* SceneDelegate.swift in Sources */,
				74E1B3FD2C64FD980090EDEA /* AppDelegate.swift in Sources */,
				74E1B3F92C64FD980090EDEA /* ViewController.swift in Sources */,
				74E1B3F82C64FD980090EDEA /* SplashController.swift in Sources */,
				74E1B3F72C64FD980090EDEA /* OnboardingManager.swift in Sources */,
			);
			runOnlyForDeploymentPostprocessing = 0;
		};
/* End PBXSourcesBuildPhase section */

/* Begin PBXVariantGroup section */
		74E1B3E92C64FD980090EDEA /* Main.storyboard */ = {
			isa = PBXVariantGroup;
			children = (
				74E1B3E82C64FD980090EDEA /* Base */,
			);
			name = Main.storyboard;
			sourceTree = "<group>";
		};
		74E1B3F12C64FD980090EDEA /* LaunchScreen.storyboard */ = {
			isa = PBXVariantGroup;
			children = (
				74E1B3F02C64FD980090EDEA /* Base */,
			);
			name = LaunchScreen.storyboard;
			sourceTree = "<group>";
		};
/* End PBXVariantGroup section */

/* Begin XCBuildConfiguration section */
		74B2298D2C5CD9AB0030EDA6 /* Debug */ = {
			isa = XCBuildConfiguration;
			buildSettings = {
				ALWAYS_SEARCH_USER_PATHS = NO;
				ASSETCATALOG_COMPILER_GENERATE_SWIFT_ASSET_SYMBOL_EXTENSIONS = YES;
				CLANG_ANALYZER_NONNULL = YES;
				CLANG_ANALYZER_NUMBER_OBJECT_CONVERSION = YES_AGGRESSIVE;
				CLANG_CXX_LANGUAGE_STANDARD = "gnu++20";
				CLANG_ENABLE_MODULES = YES;
				CLANG_ENABLE_OBJC_ARC = YES;
				CLANG_ENABLE_OBJC_WEAK = YES;
				CLANG_WARN_BLOCK_CAPTURE_AUTORELEASING = YES;
				CLANG_WARN_BOOL_CONVERSION = YES;
				CLANG_WARN_COMMA = YES;
				CLANG_WARN_CONSTANT_CONVERSION = YES;
				CLANG_WARN_DEPRECATED_OBJC_IMPLEMENTATIONS = YES;
				CLANG_WARN_DIRECT_OBJC_ISA_USAGE = YES_ERROR;
				CLANG_WARN_DOCUMENTATION_COMMENTS = YES;
				CLANG_WARN_EMPTY_BODY = YES;
				CLANG_WARN_ENUM_CONVERSION = YES;
				CLANG_WARN_INFINITE_RECURSION = YES;
				CLANG_WARN_INT_CONVERSION = YES;
				CLANG_WARN_NON_LITERAL_NULL_CONVERSION = YES;
				CLANG_WARN_OBJC_IMPLICIT_RETAIN_SELF = YES;
				CLANG_WARN_OBJC_LITERAL_CONVERSION = YES;
				CLANG_WARN_OBJC_ROOT_CLASS = YES_ERROR;
				CLANG_WARN_QUOTED_INCLUDE_IN_FRAMEWORK_HEADER = YES;
				CLANG_WARN_RANGE_LOOP_ANALYSIS = YES;
				CLANG_WARN_STRICT_PROTOTYPES = YES;
				CLANG_WARN_SUSPICIOUS_MOVE = YES;
				CLANG_WARN_UNGUARDED_AVAILABILITY = YES_AGGRESSIVE;
				CLANG_WARN_UNREACHABLE_CODE = YES;
				CLANG_WARN__DUPLICATE_METHOD_MATCH = YES;
				COPY_PHASE_STRIP = NO;
				DEBUG_INFORMATION_FORMAT = dwarf;
				ENABLE_STRICT_OBJC_MSGSEND = YES;
				ENABLE_TESTABILITY = YES;
				ENABLE_USER_SCRIPT_SANDBOXING = YES;
				GCC_C_LANGUAGE_STANDARD = gnu17;
				GCC_DYNAMIC_NO_PIC = NO;
				GCC_NO_COMMON_BLOCKS = YES;
				GCC_OPTIMIZATION_LEVEL = 0;
				GCC_PREPROCESSOR_DEFINITIONS = (
					"DEBUG=1",
					"$(inherited)",
				);
				GCC_WARN_64_TO_32_BIT_CONVERSION = YES;
				GCC_WARN_ABOUT_RETURN_TYPE = YES_ERROR;
				GCC_WARN_UNDECLARED_SELECTOR = YES;
				GCC_WARN_UNINITIALIZED_AUTOS = YES_AGGRESSIVE;
				GCC_WARN_UNUSED_FUNCTION = YES;
				GCC_WARN_UNUSED_VARIABLE = YES;
				IPHONEOS_DEPLOYMENT_TARGET = 17.5;
				LOCALIZATION_PREFERS_STRING_CATALOGS = YES;
				MTL_ENABLE_DEBUG_INFO = INCLUDE_SOURCE;
				MTL_FAST_MATH = YES;
				ONLY_ACTIVE_ARCH = YES;
				SDKROOT = iphoneos;
				SWIFT_ACTIVE_COMPILATION_CONDITIONS = "DEBUG $(inherited)";
				SWIFT_OPTIMIZATION_LEVEL = "-Onone";
			};
			name = Debug;
		};
		74B2298E2C5CD9AB0030EDA6 /* Release */ = {
			isa = XCBuildConfiguration;
			buildSettings = {
				ALWAYS_SEARCH_USER_PATHS = NO;
				ASSETCATALOG_COMPILER_GENERATE_SWIFT_ASSET_SYMBOL_EXTENSIONS = YES;
				CLANG_ANALYZER_NONNULL = YES;
				CLANG_ANALYZER_NUMBER_OBJECT_CONVERSION = YES_AGGRESSIVE;
				CLANG_CXX_LANGUAGE_STANDARD = "gnu++20";
				CLANG_ENABLE_MODULES = YES;
				CLANG_ENABLE_OBJC_ARC = YES;
				CLANG_ENABLE_OBJC_WEAK = YES;
				CLANG_WARN_BLOCK_CAPTURE_AUTORELEASING = YES;
				CLANG_WARN_BOOL_CONVERSION = YES;
				CLANG_WARN_COMMA = YES;
				CLANG_WARN_CONSTANT_CONVERSION = YES;
				CLANG_WARN_DEPRECATED_OBJC_IMPLEMENTATIONS = YES;
				CLANG_WARN_DIRECT_OBJC_ISA_USAGE = YES_ERROR;
				CLANG_WARN_DOCUMENTATION_COMMENTS = YES;
				CLANG_WARN_EMPTY_BODY = YES;
				CLANG_WARN_ENUM_CONVERSION = YES;
				CLANG_WARN_INFINITE_RECURSION = YES;
				CLANG_WARN_INT_CONVERSION = YES;
				CLANG_WARN_NON_LITERAL_NULL_CONVERSION = YES;
				CLANG_WARN_OBJC_IMPLICIT_RETAIN_SELF = YES;
				CLANG_WARN_OBJC_LITERAL_CONVERSION = YES;
				CLANG_WARN_OBJC_ROOT_CLASS = YES_ERROR;
				CLANG_WARN_QUOTED_INCLUDE_IN_FRAMEWORK_HEADER = YES;
				CLANG_WARN_RANGE_LOOP_ANALYSIS = YES;
				CLANG_WARN_STRICT_PROTOTYPES = YES;
				CLANG_WARN_SUSPICIOUS_MOVE = YES;
				CLANG_WARN_UNGUARDED_AVAILABILITY = YES_AGGRESSIVE;
				CLANG_WARN_UNREACHABLE_CODE = YES;
				CLANG_WARN__DUPLICATE_METHOD_MATCH = YES;
				COPY_PHASE_STRIP = NO;
				DEBUG_INFORMATION_FORMAT = "dwarf-with-dsym";
				ENABLE_NS_ASSERTIONS = NO;
				ENABLE_STRICT_OBJC_MSGSEND = YES;
				ENABLE_USER_SCRIPT_SANDBOXING = YES;
				GCC_C_LANGUAGE_STANDARD = gnu17;
				GCC_NO_COMMON_BLOCKS = YES;
				GCC_WARN_64_TO_32_BIT_CONVERSION = YES;
				GCC_WARN_ABOUT_RETURN_TYPE = YES_ERROR;
				GCC_WARN_UNDECLARED_SELECTOR = YES;
				GCC_WARN_UNINITIALIZED_AUTOS = YES_AGGRESSIVE;
				GCC_WARN_UNUSED_FUNCTION = YES;
				GCC_WARN_UNUSED_VARIABLE = YES;
				IPHONEOS_DEPLOYMENT_TARGET = 17.5;
				LOCALIZATION_PREFERS_STRING_CATALOGS = YES;
				MTL_ENABLE_DEBUG_INFO = NO;
				MTL_FAST_MATH = YES;
				SDKROOT = iphoneos;
				SWIFT_COMPILATION_MODE = wholemodule;
				VALIDATE_PRODUCT = YES;
			};
			name = Release;
		};
		74B229902C5CD9AB0030EDA6 /* Debug */ = {
			isa = XCBuildConfiguration;
			baseConfigurationReference = 3BF191A5BF6B1AECD6E19478 /* Pods-OnboardingsDemo-UIKit.debug.xcconfig */;
			buildSettings = {
				ASSETCATALOG_COMPILER_APPICON_NAME = AppIcon;
				ASSETCATALOG_COMPILER_GLOBAL_ACCENT_COLOR_NAME = AccentColor;
				CODE_SIGN_STYLE = Automatic;
				CURRENT_PROJECT_VERSION = 1;
				DEVELOPMENT_TEAM = KGK5UKQJ46;
				ENABLE_USER_SCRIPT_SANDBOXING = NO;
				GENERATE_INFOPLIST_FILE = YES;
				INFOPLIST_FILE = "OnboardingsDemo-UIKit/Supporting Files/Info.plist";
				INFOPLIST_KEY_UIApplicationSupportsIndirectInputEvents = YES;
				INFOPLIST_KEY_UILaunchStoryboardName = LaunchScreen;
				INFOPLIST_KEY_UIMainStoryboardFile = Main;
				INFOPLIST_KEY_UISupportedInterfaceOrientations_iPad = "UIInterfaceOrientationPortrait UIInterfaceOrientationPortraitUpsideDown UIInterfaceOrientationLandscapeLeft UIInterfaceOrientationLandscapeRight";
				INFOPLIST_KEY_UISupportedInterfaceOrientations_iPhone = "UIInterfaceOrientationPortrait UIInterfaceOrientationLandscapeLeft UIInterfaceOrientationLandscapeRight";
				IPHONEOS_DEPLOYMENT_TARGET = 13.0;
				LD_RUNPATH_SEARCH_PATHS = (
					"$(inherited)",
					"@executable_path/Frameworks",
				);
				MARKETING_VERSION = 1.0;
				PRODUCT_BUNDLE_IDENTIFIER = io.adapty.weboboarding;
				PRODUCT_NAME = "$(TARGET_NAME)";
				SUPPORTED_PLATFORMS = "iphoneos iphonesimulator";
				SUPPORTS_MACCATALYST = NO;
				SUPPORTS_MAC_DESIGNED_FOR_IPHONE_IPAD = NO;
				SUPPORTS_XR_DESIGNED_FOR_IPHONE_IPAD = NO;
				SWIFT_EMIT_LOC_STRINGS = YES;
				SWIFT_VERSION = 5.0;
				TARGETED_DEVICE_FAMILY = "1,2";
			};
			name = Debug;
		};
		74B229912C5CD9AB0030EDA6 /* Release */ = {
			isa = XCBuildConfiguration;
			baseConfigurationReference = F1A4165F30AA6F803930466F /* Pods-OnboardingsDemo-UIKit.release.xcconfig */;
			buildSettings = {
				ASSETCATALOG_COMPILER_APPICON_NAME = AppIcon;
				ASSETCATALOG_COMPILER_GLOBAL_ACCENT_COLOR_NAME = AccentColor;
				CODE_SIGN_STYLE = Automatic;
				CURRENT_PROJECT_VERSION = 1;
				DEVELOPMENT_TEAM = KGK5UKQJ46;
				ENABLE_USER_SCRIPT_SANDBOXING = NO;
				GENERATE_INFOPLIST_FILE = YES;
				INFOPLIST_FILE = "OnboardingsDemo-UIKit/Supporting Files/Info.plist";
				INFOPLIST_KEY_UIApplicationSupportsIndirectInputEvents = YES;
				INFOPLIST_KEY_UILaunchStoryboardName = LaunchScreen;
				INFOPLIST_KEY_UIMainStoryboardFile = Main;
				INFOPLIST_KEY_UISupportedInterfaceOrientations_iPad = "UIInterfaceOrientationPortrait UIInterfaceOrientationPortraitUpsideDown UIInterfaceOrientationLandscapeLeft UIInterfaceOrientationLandscapeRight";
				INFOPLIST_KEY_UISupportedInterfaceOrientations_iPhone = "UIInterfaceOrientationPortrait UIInterfaceOrientationLandscapeLeft UIInterfaceOrientationLandscapeRight";
				IPHONEOS_DEPLOYMENT_TARGET = 13.0;
				LD_RUNPATH_SEARCH_PATHS = (
					"$(inherited)",
					"@executable_path/Frameworks",
				);
				MARKETING_VERSION = 1.0;
				PRODUCT_BUNDLE_IDENTIFIER = io.adapty.weboboarding;
				PRODUCT_NAME = "$(TARGET_NAME)";
				SUPPORTED_PLATFORMS = "iphoneos iphonesimulator";
				SUPPORTS_MACCATALYST = NO;
				SUPPORTS_MAC_DESIGNED_FOR_IPHONE_IPAD = NO;
				SUPPORTS_XR_DESIGNED_FOR_IPHONE_IPAD = NO;
				SWIFT_EMIT_LOC_STRINGS = YES;
				SWIFT_VERSION = 5.0;
				TARGETED_DEVICE_FAMILY = "1,2";
			};
			name = Release;
		};
/* End XCBuildConfiguration section */

/* Begin XCConfigurationList section */
		74B229762C5CD9A90030EDA6 /* Build configuration list for PBXProject "OnboardingsDemo-UIKit" */ = {
			isa = XCConfigurationList;
			buildConfigurations = (
				74B2298D2C5CD9AB0030EDA6 /* Debug */,
				74B2298E2C5CD9AB0030EDA6 /* Release */,
			);
			defaultConfigurationIsVisible = 0;
			defaultConfigurationName = Release;
		};
		74B2298F2C5CD9AB0030EDA6 /* Build configuration list for PBXNativeTarget "OnboardingsDemo-UIKit" */ = {
			isa = XCConfigurationList;
			buildConfigurations = (
				74B229902C5CD9AB0030EDA6 /* Debug */,
				74B229912C5CD9AB0030EDA6 /* Release */,
			);
			defaultConfigurationIsVisible = 0;
			defaultConfigurationName = Release;
		};
/* End XCConfigurationList section */
	};
	rootObject = 74B229732C5CD9A90030EDA6 /* Project object */;
}
